Microsoft Visual Studio Solution File, Format Version 12.00
# Visual Studio Version 17
VisualStudioVersion = 17.5.2.0
MinimumVisualStudioVersion = 10.0.40219.1
Project("{FAE04EC0-301F-11D3-BF4B-00C04F79EFBC}") = "ApiNetCoreAngularEnquiry", "ApiNetCoreAngularEnquiry.csproj", "{362FAA07-EE2A-1A23-BB52-CBD5CDBCBB83}"
EndProject
Global
	GlobalSection(SolutionConfigurationPlatforms) = preSolution
		Debug|Any CPU = Debug|Any CPU
		Release|Any CPU = Release|Any CPU
	EndGlobalSection
	GlobalSection(ProjectConfigurationPlatforms) = postSolution
		{362FAA07-EE2A-1A23-BB52-CBD5CDBCBB83}.Debug|Any CPU.ActiveCfg = Debug|Any CPU
		{362FAA07-EE2A-1A23-BB52-CBD5CDBCBB83}.Debug|Any CPU.Build.0 = Debug|Any CPU
		{362FAA07-EE2A-1A23-BB52-CBD5CDBCBB83}.Release|Any CPU.ActiveCfg = Release|Any CPU
		{362FAA07-EE2A-1A23-BB52-CBD5CDBCBB83}.Release|Any CPU.Build.0 = Release|Any CPU
	EndGlobalSection
	GlobalSection(SolutionProperties) = preSolution
		HideSolutionNode = FALSE
	EndGlobalSection
	GlobalSection(ExtensibilityGlobals) = postSolution
		SolutionGuid = {A8A626F1-D6B4-4DF1-B4AA-7C7FD9734BD4}
	EndGlobalSection
EndGlobal
